// !$*UTF8*$!
{
	archiveVersion = 1;
	classes = {
	};
	objectVersion = 46;
	objects = {

/* Begin PBXBuildFile section */
		0A592DF41BD4EA0A00BCBB43 /* rsa_private_key.pem in Resources */ = {isa = PBXBuildFile; fileRef = 0A592DF31BD4EA0A00BCBB43 /* rsa_private_key.pem */; };
		0A592DF61BD4EA1400BCBB43 /* rsa_public_key.pem in Resources */ = {isa = PBXBuildFile; fileRef = 0A592DF51BD4EA1400BCBB43 /* rsa_public_key.pem */; };
		0A592DF91BD4EA3F00BCBB43 /* HBRSAHandler.m in Sources */ = {isa = PBXBuildFile; fileRef = 0A592DF81BD4EA3F00BCBB43 /* HBRSAHandler.m */; };
		0A592E4F1BD4EBAF00BCBB43 /* LICENSE in Resources */ = {isa = PBXBuildFile; fileRef = 0A592DFC1BD4EBAF00BCBB43 /* LICENSE */; };
		0A5D1EE41BD5C8220052E1F7 /* libcrypto.a in Frameworks */ = {isa = PBXBuildFile; fileRef = 0A5D1EE21BD5C8220052E1F7 /* libcrypto.a */; };
		0A5D1EE51BD5C8220052E1F7 /* libssl.a in Frameworks */ = {isa = PBXBuildFile; fileRef = 0A5D1EE31BD5C8220052E1F7 /* libssl.a */; };
		0A8146461D05894B00A53364 /* HBKeyChainWrapper.m in Sources */ = {isa = PBXBuildFile; fileRef = 0A8146451D05894B00A53364 /* HBKeyChainWrapper.m */; };
		0A8146491D058E2E00A53364 /* HBKeyChainTestViewController.m in Sources */ = {isa = PBXBuildFile; fileRef = 0A8146481D058E2E00A53364 /* HBKeyChainTestViewController.m */; };
		0A81464E1D059ADA00A53364 /* HBCodingObject.m in Sources */ = {isa = PBXBuildFile; fileRef = 0A81464D1D059ADA00A53364 /* HBCodingObject.m */; };
		0A8146511D059E9C00A53364 /* HBCodingViewController.m in Sources */ = {isa = PBXBuildFile; fileRef = 0A8146501D059E9C00A53364 /* HBCodingViewController.m */; };
		0A8146541D05A1E100A53364 /* NSData+AES256.m in Sources */ = {isa = PBXBuildFile; fileRef = 0A8146531D05A1E100A53364 /* NSData+AES256.m */; };
		0AC7851E1BD2613D00B2AAF2 /* main.m in Sources */ = {isa = PBXBuildFile; fileRef = 0AC7851D1BD2613D00B2AAF2 /* main.m */; };
		0AC785211BD2613D00B2AAF2 /* AppDelegate.m in Sources */ = {isa = PBXBuildFile; fileRef = 0AC785201BD2613D00B2AAF2 /* AppDelegate.m */; };
		0AC785241BD2613D00B2AAF2 /* ViewController.m in Sources */ = {isa = PBXBuildFile; fileRef = 0AC785231BD2613D00B2AAF2 /* ViewController.m */; };
		0AC785271BD2613D00B2AAF2 /* Main.storyboard in Resources */ = {isa = PBXBuildFile; fileRef = 0AC785251BD2613D00B2AAF2 /* Main.storyboard */; };
		0AC785291BD2613D00B2AAF2 /* Images.xcassets in Resources */ = {isa = PBXBuildFile; fileRef = 0AC785281BD2613D00B2AAF2 /* Images.xcassets */; };
		0AC7852C1BD2613D00B2AAF2 /* LaunchScreen.xib in Resources */ = {isa = PBXBuildFile; fileRef = 0AC7852A1BD2613D00B2AAF2 /* LaunchScreen.xib */; };
		0AC785381BD2613D00B2AAF2 /* iOSRSAHandlerDemoTests.m in Sources */ = {isa = PBXBuildFile; fileRef = 0AC785371BD2613D00B2AAF2 /* iOSRSAHandlerDemoTests.m */; };
/* End PBXBuildFile section */

/* Begin PBXContainerItemProxy section */
		0AC785321BD2613D00B2AAF2 /* PBXContainerItemProxy */ = {
			isa = PBXContainerItemProxy;
			containerPortal = 0AC785101BD2613D00B2AAF2 /* Project object */;
			proxyType = 1;
			remoteGlobalIDString = 0AC785171BD2613D00B2AAF2;
			remoteInfo = iOSRSAHandlerDemo;
		};
/* End PBXContainerItemProxy section */

/* Begin PBXFileReference section */
		0A592DF31BD4EA0A00BCBB43 /* rsa_private_key.pem */ = {isa = PBXFileReference; fileEncoding = 4; lastKnownFileType = text; path = rsa_private_key.pem; sourceTree = "<group>"; };
		0A592DF51BD4EA1400BCBB43 /* rsa_public_key.pem */ = {isa = PBXFileReference; fileEncoding = 4; lastKnownFileType = text; path = rsa_public_key.pem; sourceTree = "<group>"; };
		0A592DF71BD4EA3F00BCBB43 /* HBRSAHandler.h */ = {isa = PBXFileReference; fileEncoding = 4; lastKnownFileType = sourcecode.c.h; path = HBRSAHandler.h; sourceTree = "<group>"; };
		0A592DF81BD4EA3F00BCBB43 /* HBRSAHandler.m */ = {isa = PBXFileReference; fileEncoding = 4; lastKnownFileType = sourcecode.c.objc; path = HBRSAHandler.m; sourceTree = "<group>"; };
		0A592DFC1BD4EBAF00BCBB43 /* LICENSE */ = {isa = PBXFileReference; fileEncoding = 4; lastKnownFileType = text; path = LICENSE; sourceTree = "<group>"; };
		0A592DFE1BD4EBAF00BCBB43 /* aes.h */ = {isa = PBXFileReference; fileEncoding = 4; lastKnownFileType = sourcecode.c.h; path = aes.h; sourceTree = "<group>"; };
		0A592DFF1BD4EBAF00BCBB43 /* asn1.h */ = {isa = PBXFileReference; fileEncoding = 4; lastKnownFileType = sourcecode.c.h; path = asn1.h; sourceTree = "<group>"; };
		0A592E001BD4EBAF00BCBB43 /* asn1_mac.h */ = {isa = PBXFileReference; fileEncoding = 4; lastKnownFileType = sourcecode.c.h; path = asn1_mac.h; sourceTree = "<group>"; };
		0A592E011BD4EBAF00BCBB43 /* asn1t.h */ = {isa = PBXFileReference; fileEncoding = 4; lastKnownFileType = sourcecode.c.h; path = asn1t.h; sourceTree = "<group>"; };
		0A592E021BD4EBAF00BCBB43 /* bio.h */ = {isa = PBXFileReference; fileEncoding = 4; lastKnownFileType = sourcecode.c.h; path = bio.h; sourceTree = "<group>"; };
		0A592E031BD4EBAF00BCBB43 /* blowfish.h */ = {isa = PBXFileReference; fileEncoding = 4; lastKnownFileType = sourcecode.c.h; path = blowfish.h; sourceTree = "<group>"; };
		0A592E041BD4EBAF00BCBB43 /* bn.h */ = {isa = PBXFileReference; fileEncoding = 4; lastKnownFileType = sourcecode.c.h; path = bn.h; sourceTree = "<group>"; };
		0A592E051BD4EBAF00BCBB43 /* buffer.h */ = {isa = PBXFileReference; fileEncoding = 4; lastKnownFileType = sourcecode.c.h; path = buffer.h; sourceTree = "<group>"; };
		0A592E061BD4EBAF00BCBB43 /* camellia.h */ = {isa = PBXFileReference; fileEncoding = 4; lastKnownFileType = sourcecode.c.h; path = camellia.h; sourceTree = "<group>"; };
		0A592E071BD4EBAF00BCBB43 /* cast.h */ = {isa = PBXFileReference; fileEncoding = 4; lastKnownFileType = sourcecode.c.h; path = cast.h; sourceTree = "<group>"; };
		0A592E081BD4EBAF00BCBB43 /* cmac.h */ = {isa = PBXFileReference; fileEncoding = 4; lastKnownFileType = sourcecode.c.h; path = cmac.h; sourceTree = "<group>"; };
		0A592E091BD4EBAF00BCBB43 /* cms.h */ = {isa = PBXFileReference; fileEncoding = 4; lastKnownFileType = sourcecode.c.h; path = cms.h; sourceTree = "<group>"; };
		0A592E0A1BD4EBAF00BCBB43 /* comp.h */ = {isa = PBXFileReference; fileEncoding = 4; lastKnownFileType = sourcecode.c.h; path = comp.h; sourceTree = "<group>"; };
		0A592E0B1BD4EBAF00BCBB43 /* conf.h */ = {isa = PBXFileReference; fileEncoding = 4; lastKnownFileType = sourcecode.c.h; path = conf.h; sourceTree = "<group>"; };
		0A592E0C1BD4EBAF00BCBB43 /* conf_api.h */ = {isa = PBXFileReference; fileEncoding = 4; lastKnownFileType = sourcecode.c.h; path = conf_api.h; sourceTree = "<group>"; };
		0A592E0D1BD4EBAF00BCBB43 /* crypto.h */ = {isa = PBXFileReference; fileEncoding = 4; lastKnownFileType = sourcecode.c.h; path = crypto.h; sourceTree = "<group>"; };
		0A592E0E1BD4EBAF00BCBB43 /* des.h */ = {isa = PBXFileReference; fileEncoding = 4; lastKnownFileType = sourcecode.c.h; path = des.h; sourceTree = "<group>"; };
		0A592E0F1BD4EBAF00BCBB43 /* des_old.h */ = {isa = PBXFileReference; fileEncoding = 4; lastKnownFileType = sourcecode.c.h; path = des_old.h; sourceTree = "<group>"; };
		0A592E101BD4EBAF00BCBB43 /* dh.h */ = {isa = PBXFileReference; fileEncoding = 4; lastKnownFileType = sourcecode.c.h; path = dh.h; sourceTree = "<group>"; };
		0A592E111BD4EBAF00BCBB43 /* dsa.h */ = {isa = PBXFileReference; fileEncoding = 4; lastKnownFileType = sourcecode.c.h; path = dsa.h; sourceTree = "<group>"; };
		0A592E121BD4EBAF00BCBB43 /* dso.h */ = {isa = PBXFileReference; fileEncoding = 4; lastKnownFileType = sourcecode.c.h; path = dso.h; sourceTree = "<group>"; };
		0A592E131BD4EBAF00BCBB43 /* dtls1.h */ = {isa = PBXFileReference; fileEncoding = 4; lastKnownFileType = sourcecode.c.h; path = dtls1.h; sourceTree = "<group>"; };
		0A592E141BD4EBAF00BCBB43 /* e_os2.h */ = {isa = PBXFileReference; fileEncoding = 4; lastKnownFileType = sourcecode.c.h; path = e_os2.h; sourceTree = "<group>"; };
		0A592E151BD4EBAF00BCBB43 /* ebcdic.h */ = {isa = PBXFileReference; fileEncoding = 4; lastKnownFileType = sourcecode.c.h; path = ebcdic.h; sourceTree = "<group>"; };
		0A592E161BD4EBAF00BCBB43 /* ec.h */ = {isa = PBXFileReference; fileEncoding = 4; lastKnownFileType = sourcecode.c.h; path = ec.h; sourceTree = "<group>"; };
		0A592E171BD4EBAF00BCBB43 /* ecdh.h */ = {isa = PBXFileReference; fileEncoding = 4; lastKnownFileType = sourcecode.c.h; path = ecdh.h; sourceTree = "<group>"; };
		0A592E181BD4EBAF00BCBB43 /* ecdsa.h */ = {isa = PBXFileReference; fileEncoding = 4; lastKnownFileType = sourcecode.c.h; path = ecdsa.h; sourceTree = "<group>"; };
		0A592E191BD4EBAF00BCBB43 /* engine.h */ = {isa = PBXFileReference; fileEncoding = 4; lastKnownFileType = sourcecode.c.h; path = engine.h; sourceTree = "<group>"; };
		0A592E1A1BD4EBAF00BCBB43 /* err.h */ = {isa = PBXFileReference; fileEncoding = 4; lastKnownFileType = sourcecode.c.h; path = err.h; sourceTree = "<group>"; };
		0A592E1B1BD4EBAF00BCBB43 /* evp.h */ = {isa = PBXFileReference; fileEncoding = 4; lastKnownFileType = sourcecode.c.h; path = evp.h; sourceTree = "<group>"; };
		0A592E1C1BD4EBAF00BCBB43 /* hmac.h */ = {isa = PBXFileReference; fileEncoding = 4; lastKnownFileType = sourcecode.c.h; path = hmac.h; sourceTree = "<group>"; };
		0A592E1D1BD4EBAF00BCBB43 /* idea.h */ = {isa = PBXFileReference; fileEncoding = 4; lastKnownFileType = sourcecode.c.h; path = idea.h; sourceTree = "<group>"; };
		0A592E1E1BD4EBAF00BCBB43 /* krb5_asn.h */ = {isa = PBXFileReference; fileEncoding = 4; lastKnownFileType = sourcecode.c.h; path = krb5_asn.h; sourceTree = "<group>"; };
		0A592E1F1BD4EBAF00BCBB43 /* kssl.h */ = {isa = PBXFileReference; fileEncoding = 4; lastKnownFileType = sourcecode.c.h; path = kssl.h; sourceTree = "<group>"; };
		0A592E201BD4EBAF00BCBB43 /* lhash.h */ = {isa = PBXFileReference; fileEncoding = 4; lastKnownFileType = sourcecode.c.h; path = lhash.h; sourceTree = "<group>"; };
		0A592E211BD4EBAF00BCBB43 /* md4.h */ = {isa = PBXFileReference; fileEncoding = 4; lastKnownFileType = sourcecode.c.h; path = md4.h; sourceTree = "<group>"; };
		0A592E221BD4EBAF00BCBB43 /* md5.h */ = {isa = PBXFileReference; fileEncoding = 4; lastKnownFileType = sourcecode.c.h; path = md5.h; sourceTree = "<group>"; };
		0A592E231BD4EBAF00BCBB43 /* mdc2.h */ = {isa = PBXFileReference; fileEncoding = 4; lastKnownFileType = sourcecode.c.h; path = mdc2.h; sourceTree = "<group>"; };
		0A592E241BD4EBAF00BCBB43 /* modes.h */ = {isa = PBXFileReference; fileEncoding = 4; lastKnownFileType = sourcecode.c.h; path = modes.h; sourceTree = "<group>"; };
		0A592E251BD4EBAF00BCBB43 /* obj_mac.h */ = {isa = PBXFileReference; fileEncoding = 4; lastKnownFileType = sourcecode.c.h; path = obj_mac.h; sourceTree = "<group>"; };
		0A592E261BD4EBAF00BCBB43 /* objects.h */ = {isa = PBXFileReference; fileEncoding = 4; lastKnownFileType = sourcecode.c.h; path = objects.h; sourceTree = "<group>"; };
		0A592E271BD4EBAF00BCBB43 /* ocsp.h */ = {isa = PBXFileReference; fileEncoding = 4; lastKnownFileType = sourcecode.c.h; path = ocsp.h; sourceTree = "<group>"; };
		0A592E281BD4EBAF00BCBB43 /* opensslconf.h */ = {isa = PBXFileReference; fileEncoding = 4; lastKnownFileType = sourcecode.c.h; path = opensslconf.h; sourceTree = "<group>"; };
		0A592E291BD4EBAF00BCBB43 /* opensslv.h */ = {isa = PBXFileReference; fileEncoding = 4; lastKnownFileType = sourcecode.c.h; path = opensslv.h; sourceTree = "<group>"; };
		0A592E2A1BD4EBAF00BCBB43 /* ossl_typ.h */ = {isa = PBXFileReference; fileEncoding = 4; lastKnownFileType = sourcecode.c.h; path = ossl_typ.h; sourceTree = "<group>"; };
		0A592E2B1BD4EBAF00BCBB43 /* pem.h */ = {isa = PBXFileReference; fileEncoding = 4; lastKnownFileType = sourcecode.c.h; path = pem.h; sourceTree = "<group>"; };
		0A592E2C1BD4EBAF00BCBB43 /* pem2.h */ = {isa = PBXFileReference; fileEncoding = 4; lastKnownFileType = sourcecode.c.h; path = pem2.h; sourceTree = "<group>"; };
		0A592E2D1BD4EBAF00BCBB43 /* pkcs12.h */ = {isa = PBXFileReference; fileEncoding = 4; lastKnownFileType = sourcecode.c.h; path = pkcs12.h; sourceTree = "<group>"; };
		0A592E2E1BD4EBAF00BCBB43 /* pkcs7.h */ = {isa = PBXFileReference; fileEncoding = 4; lastKnownFileType = sourcecode.c.h; path = pkcs7.h; sourceTree = "<group>"; };
		0A592E2F1BD4EBAF00BCBB43 /* pqueue.h */ = {isa = PBXFileReference; fileEncoding = 4; lastKnownFileType = sourcecode.c.h; path = pqueue.h; sourceTree = "<group>"; };
		0A592E301BD4EBAF00BCBB43 /* rand.h */ = {isa = PBXFileReference; fileEncoding = 4; lastKnownFileType = sourcecode.c.h; path = rand.h; sourceTree = "<group>"; };
		0A592E311BD4EBAF00BCBB43 /* rc2.h */ = {isa = PBXFileReference; fileEncoding = 4; lastKnownFileType = sourcecode.c.h; path = rc2.h; sourceTree = "<group>"; };
		0A592E321BD4EBAF00BCBB43 /* rc4.h */ = {isa = PBXFileReference; fileEncoding = 4; lastKnownFileType = sourcecode.c.h; path = rc4.h; sourceTree = "<group>"; };
		0A592E331BD4EBAF00BCBB43 /* ripemd.h */ = {isa = PBXFileReference; fileEncoding = 4; lastKnownFileType = sourcecode.c.h; path = ripemd.h; sourceTree = "<group>"; };
		0A592E341BD4EBAF00BCBB43 /* rsa.h */ = {isa = PBXFileReference; fileEncoding = 4; lastKnownFileType = sourcecode.c.h; path = rsa.h; sourceTree = "<group>"; };
		0A592E351BD4EBAF00BCBB43 /* safestack.h */ = {isa = PBXFileReference; fileEncoding = 4; lastKnownFileType = sourcecode.c.h; path = safestack.h; sourceTree = "<group>"; };
		0A592E361BD4EBAF00BCBB43 /* seed.h */ = {isa = PBXFileReference; fileEncoding = 4; lastKnownFileType = sourcecode.c.h; path = seed.h; sourceTree = "<group>"; };
		0A592E371BD4EBAF00BCBB43 /* sha.h */ = {isa = PBXFileReference; fileEncoding = 4; lastKnownFileType = sourcecode.c.h; path = sha.h; sourceTree = "<group>"; };
		0A592E381BD4EBAF00BCBB43 /* srp.h */ = {isa = PBXFileReference; fileEncoding = 4; lastKnownFileType = sourcecode.c.h; path = srp.h; sourceTree = "<group>"; };
		0A592E391BD4EBAF00BCBB43 /* srtp.h */ = {isa = PBXFileReference; fileEncoding = 4; lastKnownFileType = sourcecode.c.h; path = srtp.h; sourceTree = "<group>"; };
		0A592E3A1BD4EBAF00BCBB43 /* ssl.h */ = {isa = PBXFileReference; fileEncoding = 4; lastKnownFileType = sourcecode.c.h; path = ssl.h; sourceTree = "<group>"; };
		0A592E3B1BD4EBAF00BCBB43 /* ssl2.h */ = {isa = PBXFileReference; fileEncoding = 4; lastKnownFileType = sourcecode.c.h; path = ssl2.h; sourceTree = "<group>"; };
		0A592E3C1BD4EBAF00BCBB43 /* ssl23.h */ = {isa = PBXFileReference; fileEncoding = 4; lastKnownFileType = sourcecode.c.h; path = ssl23.h; sourceTree = "<group>"; };
		0A592E3D1BD4EBAF00BCBB43 /* ssl3.h */ = {isa = PBXFileReference; fileEncoding = 4; lastKnownFileType = sourcecode.c.h; path = ssl3.h; sourceTree = "<group>"; };
		0A592E3E1BD4EBAF00BCBB43 /* stack.h */ = {isa = PBXFileReference; fileEncoding = 4; lastKnownFileType = sourcecode.c.h; path = stack.h; sourceTree = "<group>"; };
		0A592E3F1BD4EBAF00BCBB43 /* symhacks.h */ = {isa = PBXFileReference; fileEncoding = 4; lastKnownFileType = sourcecode.c.h; path = symhacks.h; sourceTree = "<group>"; };
		0A592E401BD4EBAF00BCBB43 /* tls1.h */ = {isa = PBXFileReference; fileEncoding = 4; lastKnownFileType = sourcecode.c.h; path = tls1.h; sourceTree = "<group>"; };
		0A592E411BD4EBAF00BCBB43 /* ts.h */ = {isa = PBXFileReference; fileEncoding = 4; lastKnownFileType = sourcecode.c.h; path = ts.h; sourceTree = "<group>"; };
		0A592E421BD4EBAF00BCBB43 /* txt_db.h */ = {isa = PBXFileReference; fileEncoding = 4; lastKnownFileType = sourcecode.c.h; path = txt_db.h; sourceTree = "<group>"; };
		0A592E431BD4EBAF00BCBB43 /* ui.h */ = {isa = PBXFileReference; fileEncoding = 4; lastKnownFileType = sourcecode.c.h; path = ui.h; sourceTree = "<group>"; };
		0A592E441BD4EBAF00BCBB43 /* ui_compat.h */ = {isa = PBXFileReference; fileEncoding = 4; lastKnownFileType = sourcecode.c.h; path = ui_compat.h; sourceTree = "<group>"; };
		0A592E451BD4EBAF00BCBB43 /* whrlpool.h */ = {isa = PBXFileReference; fileEncoding = 4; lastKnownFileType = sourcecode.c.h; path = whrlpool.h; sourceTree = "<group>"; };
		0A592E461BD4EBAF00BCBB43 /* x509.h */ = {isa = PBXFileReference; fileEncoding = 4; lastKnownFileType = sourcecode.c.h; path = x509.h; sourceTree = "<group>"; };
		0A592E471BD4EBAF00BCBB43 /* x509_vfy.h */ = {isa = PBXFileReference; fileEncoding = 4; lastKnownFileType = sourcecode.c.h; path = x509_vfy.h; sourceTree = "<group>"; };
		0A592E481BD4EBAF00BCBB43 /* x509v3.h */ = {isa = PBXFileReference; fileEncoding = 4; lastKnownFileType = sourcecode.c.h; path = x509v3.h; sourceTree = "<group>"; };
		0A5D1EE21BD5C8220052E1F7 /* libcrypto.a */ = {isa = PBXFileReference; lastKnownFileType = archive.ar; path = libcrypto.a; sourceTree = "<group>"; };
		0A5D1EE31BD5C8220052E1F7 /* libssl.a */ = {isa = PBXFileReference; lastKnownFileType = archive.ar; path = libssl.a; sourceTree = "<group>"; };
		0A8146441D05894B00A53364 /* HBKeyChainWrapper.h */ = {isa = PBXFileReference; fileEncoding = 4; lastKnownFileType = sourcecode.c.h; path = HBKeyChainWrapper.h; sourceTree = "<group>"; };
		0A8146451D05894B00A53364 /* HBKeyChainWrapper.m */ = {isa = PBXFileReference; fileEncoding = 4; lastKnownFileType = sourcecode.c.objc; path = HBKeyChainWrapper.m; sourceTree = "<group>"; };
		0A8146471D058E2E00A53364 /* HBKeyChainTestViewController.h */ = {isa = PBXFileReference; fileEncoding = 4; lastKnownFileType = sourcecode.c.h; path = HBKeyChainTestViewController.h; sourceTree = "<group>"; };
		0A8146481D058E2E00A53364 /* HBKeyChainTestViewController.m */ = {isa = PBXFileReference; fileEncoding = 4; lastKnownFileType = sourcecode.c.objc; path = HBKeyChainTestViewController.m; sourceTree = "<group>"; };
		0A81464C1D059ADA00A53364 /* HBCodingObject.h */ = {isa = PBXFileReference; fileEncoding = 4; lastKnownFileType = sourcecode.c.h; path = HBCodingObject.h; sourceTree = "<group>"; };
		0A81464D1D059ADA00A53364 /* HBCodingObject.m */ = {isa = PBXFileReference; fileEncoding = 4; lastKnownFileType = sourcecode.c.objc; path = HBCodingObject.m; sourceTree = "<group>"; };
		0A81464F1D059E9C00A53364 /* HBCodingViewController.h */ = {isa = PBXFileReference; fileEncoding = 4; lastKnownFileType = sourcecode.c.h; path = HBCodingViewController.h; sourceTree = "<group>"; };
		0A8146501D059E9C00A53364 /* HBCodingViewController.m */ = {isa = PBXFileReference; fileEncoding = 4; lastKnownFileType = sourcecode.c.objc; path = HBCodingViewController.m; sourceTree = "<group>"; };
		0A8146521D05A1E100A53364 /* NSData+AES256.h */ = {isa = PBXFileReference; fileEncoding = 4; lastKnownFileType = sourcecode.c.h; path = "NSData+AES256.h"; sourceTree = "<group>"; };
		0A8146531D05A1E100A53364 /* NSData+AES256.m */ = {isa = PBXFileReference; fileEncoding = 4; lastKnownFileType = sourcecode.c.objc; path = "NSData+AES256.m"; sourceTree = "<group>"; };
		0AC785181BD2613D00B2AAF2 /* iOSRSAHandlerDemo.app */ = {isa = PBXFileReference; explicitFileType = wrapper.application; includeInIndex = 0; path = iOSRSAHandlerDemo.app; sourceTree = BUILT_PRODUCTS_DIR; };
		0AC7851C1BD2613D00B2AAF2 /* Info.plist */ = {isa = PBXFileReference; lastKnownFileType = text.plist.xml; path = Info.plist; sourceTree = "<group>"; };
		0AC7851D1BD2613D00B2AAF2 /* main.m */ = {isa = PBXFileReference; lastKnownFileType = sourcecode.c.objc; path = main.m; sourceTree = "<group>"; };
		0AC7851F1BD2613D00B2AAF2 /* AppDelegate.h */ = {isa = PBXFileReference; lastKnownFileType = sourcecode.c.h; path = AppDelegate.h; sourceTree = "<group>"; };
		0AC785201BD2613D00B2AAF2 /* AppDelegate.m */ = {isa = PBXFileReference; lastKnownFileType = sourcecode.c.objc; path = AppDelegate.m; sourceTree = "<group>"; };
		0AC785221BD2613D00B2AAF2 /* ViewController.h */ = {isa = PBXFileReference; lastKnownFileType = sourcecode.c.h; path = ViewController.h; sourceTree = "<group>"; };
		0AC785231BD2613D00B2AAF2 /* ViewController.m */ = {isa = PBXFileReference; lastKnownFileType = sourcecode.c.objc; path = ViewController.m; sourceTree = "<group>"; };
		0AC785261BD2613D00B2AAF2 /* Base */ = {isa = PBXFileReference; lastKnownFileType = file.storyboard; name = Base; path = Base.lproj/Main.storyboard; sourceTree = "<group>"; };
		0AC785281BD2613D00B2AAF2 /* Images.xcassets */ = {isa = PBXFileReference; lastKnownFileType = folder.assetcatalog; path = Images.xcassets; sourceTree = "<group>"; };
		0AC7852B1BD2613D00B2AAF2 /* Base */ = {isa = PBXFileReference; lastKnownFileType = file.xib; name = Base; path = Base.lproj/LaunchScreen.xib; sourceTree = "<group>"; };
		0AC785311BD2613D00B2AAF2 /* iOSRSAHandlerDemoTests.xctest */ = {isa = PBXFileReference; explicitFileType = wrapper.cfbundle; includeInIndex = 0; path = iOSRSAHandlerDemoTests.xctest; sourceTree = BUILT_PRODUCTS_DIR; };
		0AC785361BD2613D00B2AAF2 /* Info.plist */ = {isa = PBXFileReference; lastKnownFileType = text.plist.xml; path = Info.plist; sourceTree = "<group>"; };
		0AC785371BD2613D00B2AAF2 /* iOSRSAHandlerDemoTests.m */ = {isa = PBXFileReference; lastKnownFileType = sourcecode.c.objc; path = iOSRSAHandlerDemoTests.m; sourceTree = "<group>"; };
/* End PBXFileReference section */

/* Begin PBXFrameworksBuildPhase section */
		0AC785151BD2613D00B2AAF2 /* Frameworks */ = {
			isa = PBXFrameworksBuildPhase;
			buildActionMask = 2147483647;
			files = (
				0A5D1EE51BD5C8220052E1F7 /* libssl.a in Frameworks */,
				0A5D1EE41BD5C8220052E1F7 /* libcrypto.a in Frameworks */,
			);
			runOnlyForDeploymentPostprocessing = 0;
		};
		0AC7852E1BD2613D00B2AAF2 /* Frameworks */ = {
			isa = PBXFrameworksBuildPhase;
			buildActionMask = 2147483647;
			files = (
			);
			runOnlyForDeploymentPostprocessing = 0;
		};
/* End PBXFrameworksBuildPhase section */

/* Begin PBXGroup section */
		0A592DF21BD4E99F00BCBB43 /* HBRSAHandler */ = {
			isa = PBXGroup;
			children = (
				0A592DFA1BD4EBAF00BCBB43 /* openssl */,
				0A592DF31BD4EA0A00BCBB43 /* rsa_private_key.pem */,
				0A592DF51BD4EA1400BCBB43 /* rsa_public_key.pem */,
				0A592DF71BD4EA3F00BCBB43 /* HBRSAHandler.h */,
				0A592DF81BD4EA3F00BCBB43 /* HBRSAHandler.m */,
			);
			path = HBRSAHandler;
			sourceTree = "<group>";
		};
		0A592DFA1BD4EBAF00BCBB43 /* openssl */ = {
			isa = PBXGroup;
			children = (
				0A592DFB1BD4EBAF00BCBB43 /* include */,
			);
			path = openssl;
			sourceTree = "<group>";
		};
		0A592DFB1BD4EBAF00BCBB43 /* include */ = {
			isa = PBXGroup;
			children = (
				0A5D1EE21BD5C8220052E1F7 /* libcrypto.a */,
				0A5D1EE31BD5C8220052E1F7 /* libssl.a */,
				0A592DFC1BD4EBAF00BCBB43 /* LICENSE */,
				0A592DFD1BD4EBAF00BCBB43 /* openssl */,
			);
			path = include;
			sourceTree = "<group>";
		};
		0A592DFD1BD4EBAF00BCBB43 /* openssl */ = {
			isa = PBXGroup;
			children = (
				0A592DFE1BD4EBAF00BCBB43 /* aes.h */,
				0A592DFF1BD4EBAF00BCBB43 /* asn1.h */,
				0A592E001BD4EBAF00BCBB43 /* asn1_mac.h */,
				0A592E011BD4EBAF00BCBB43 /* asn1t.h */,
				0A592E021BD4EBAF00BCBB43 /* bio.h */,
				0A592E031BD4EBAF00BCBB43 /* blowfish.h */,
				0A592E041BD4EBAF00BCBB43 /* bn.h */,
				0A592E051BD4EBAF00BCBB43 /* buffer.h */,
				0A592E061BD4EBAF00BCBB43 /* camellia.h */,
				0A592E071BD4EBAF00BCBB43 /* cast.h */,
				0A592E081BD4EBAF00BCBB43 /* cmac.h */,
				0A592E091BD4EBAF00BCBB43 /* cms.h */,
				0A592E0A1BD4EBAF00BCBB43 /* comp.h */,
				0A592E0B1BD4EBAF00BCBB43 /* conf.h */,
				0A592E0C1BD4EBAF00BCBB43 /* conf_api.h */,
				0A592E0D1BD4EBAF00BCBB43 /* crypto.h */,
				0A592E0E1BD4EBAF00BCBB43 /* des.h */,
				0A592E0F1BD4EBAF00BCBB43 /* des_old.h */,
				0A592E101BD4EBAF00BCBB43 /* dh.h */,
				0A592E111BD4EBAF00BCBB43 /* dsa.h */,
				0A592E121BD4EBAF00BCBB43 /* dso.h */,
				0A592E131BD4EBAF00BCBB43 /* dtls1.h */,
				0A592E141BD4EBAF00BCBB43 /* e_os2.h */,
				0A592E151BD4EBAF00BCBB43 /* ebcdic.h */,
				0A592E161BD4EBAF00BCBB43 /* ec.h */,
				0A592E171BD4EBAF00BCBB43 /* ecdh.h */,
				0A592E181BD4EBAF00BCBB43 /* ecdsa.h */,
				0A592E191BD4EBAF00BCBB43 /* engine.h */,
				0A592E1A1BD4EBAF00BCBB43 /* err.h */,
				0A592E1B1BD4EBAF00BCBB43 /* evp.h */,
				0A592E1C1BD4EBAF00BCBB43 /* hmac.h */,
				0A592E1D1BD4EBAF00BCBB43 /* idea.h */,
				0A592E1E1BD4EBAF00BCBB43 /* krb5_asn.h */,
				0A592E1F1BD4EBAF00BCBB43 /* kssl.h */,
				0A592E201BD4EBAF00BCBB43 /* lhash.h */,
				0A592E211BD4EBAF00BCBB43 /* md4.h */,
				0A592E221BD4EBAF00BCBB43 /* md5.h */,
				0A592E231BD4EBAF00BCBB43 /* mdc2.h */,
				0A592E241BD4EBAF00BCBB43 /* modes.h */,
				0A592E251BD4EBAF00BCBB43 /* obj_mac.h */,
				0A592E261BD4EBAF00BCBB43 /* objects.h */,
				0A592E271BD4EBAF00BCBB43 /* ocsp.h */,
				0A592E281BD4EBAF00BCBB43 /* opensslconf.h */,
				0A592E291BD4EBAF00BCBB43 /* opensslv.h */,
				0A592E2A1BD4EBAF00BCBB43 /* ossl_typ.h */,
				0A592E2B1BD4EBAF00BCBB43 /* pem.h */,
				0A592E2C1BD4EBAF00BCBB43 /* pem2.h */,
				0A592E2D1BD4EBAF00BCBB43 /* pkcs12.h */,
				0A592E2E1BD4EBAF00BCBB43 /* pkcs7.h */,
				0A592E2F1BD4EBAF00BCBB43 /* pqueue.h */,
				0A592E301BD4EBAF00BCBB43 /* rand.h */,
				0A592E311BD4EBAF00BCBB43 /* rc2.h */,
				0A592E321BD4EBAF00BCBB43 /* rc4.h */,
				0A592E331BD4EBAF00BCBB43 /* ripemd.h */,
				0A592E341BD4EBAF00BCBB43 /* rsa.h */,
				0A592E351BD4EBAF00BCBB43 /* safestack.h */,
				0A592E361BD4EBAF00BCBB43 /* seed.h */,
				0A592E371BD4EBAF00BCBB43 /* sha.h */,
				0A592E381BD4EBAF00BCBB43 /* srp.h */,
				0A592E391BD4EBAF00BCBB43 /* srtp.h */,
				0A592E3A1BD4EBAF00BCBB43 /* ssl.h */,
				0A592E3B1BD4EBAF00BCBB43 /* ssl2.h */,
				0A592E3C1BD4EBAF00BCBB43 /* ssl23.h */,
				0A592E3D1BD4EBAF00BCBB43 /* ssl3.h */,
				0A592E3E1BD4EBAF00BCBB43 /* stack.h */,
				0A592E3F1BD4EBAF00BCBB43 /* symhacks.h */,
				0A592E401BD4EBAF00BCBB43 /* tls1.h */,
				0A592E411BD4EBAF00BCBB43 /* ts.h */,
				0A592E421BD4EBAF00BCBB43 /* txt_db.h */,
				0A592E431BD4EBAF00BCBB43 /* ui.h */,
				0A592E441BD4EBAF00BCBB43 /* ui_compat.h */,
				0A592E451BD4EBAF00BCBB43 /* whrlpool.h */,
				0A592E461BD4EBAF00BCBB43 /* x509.h */,
				0A592E471BD4EBAF00BCBB43 /* x509_vfy.h */,
				0A592E481BD4EBAF00BCBB43 /* x509v3.h */,
			);
			path = openssl;
			sourceTree = "<group>";
		};
		0A8146431D05891C00A53364 /* HBKeyChainWrapper */ = {
			isa = PBXGroup;
			children = (
				0A8146441D05894B00A53364 /* HBKeyChainWrapper.h */,
				0A8146451D05894B00A53364 /* HBKeyChainWrapper.m */,
			);
			name = HBKeyChainWrapper;
			sourceTree = "<group>";
		};
		0A81464B1D059AA900A53364 /* HBCoding */ = {
			isa = PBXGroup;
			children = (
				0A81464C1D059ADA00A53364 /* HBCodingObject.h */,
				0A81464D1D059ADA00A53364 /* HBCodingObject.m */,
				0A8146521D05A1E100A53364 /* NSData+AES256.h */,
				0A8146531D05A1E100A53364 /* NSData+AES256.m */,
			);
			name = HBCoding;
			sourceTree = "<group>";
		};
		0AC7850F1BD2613D00B2AAF2 = {
			isa = PBXGroup;
			children = (
				0AC7851A1BD2613D00B2AAF2 /* iOSRSAHandlerDemo */,
				0AC785341BD2613D00B2AAF2 /* iOSRSAHandlerDemoTests */,
				0AC785191BD2613D00B2AAF2 /* Products */,
			);
			sourceTree = "<group>";
		};
		0AC785191BD2613D00B2AAF2 /* Products */ = {
			isa = PBXGroup;
			children = (
				0AC785181BD2613D00B2AAF2 /* iOSRSAHandlerDemo.app */,
				0AC785311BD2613D00B2AAF2 /* iOSRSAHandlerDemoTests.xctest */,
			);
			name = Products;
			sourceTree = "<group>";
		};
		0AC7851A1BD2613D00B2AAF2 /* iOSRSAHandlerDemo */ = {
			isa = PBXGroup;
			children = (
				0A81464B1D059AA900A53364 /* HBCoding */,
				0A8146431D05891C00A53364 /* HBKeyChainWrapper */,
				0A592DF21BD4E99F00BCBB43 /* HBRSAHandler */,
				0AC7851F1BD2613D00B2AAF2 /* AppDelegate.h */,
				0AC785201BD2613D00B2AAF2 /* AppDelegate.m */,
				0AC785221BD2613D00B2AAF2 /* ViewController.h */,
				0AC785231BD2613D00B2AAF2 /* ViewController.m */,
				0AC785251BD2613D00B2AAF2 /* Main.storyboard */,
				0AC785281BD2613D00B2AAF2 /* Images.xcassets */,
				0AC7852A1BD2613D00B2AAF2 /* LaunchScreen.xib */,
				0AC7851B1BD2613D00B2AAF2 /* Supporting Files */,
				0A8146471D058E2E00A53364 /* HBKeyChainTestViewController.h */,
				0A8146481D058E2E00A53364 /* HBKeyChainTestViewController.m */,
				0A81464F1D059E9C00A53364 /* HBCodingViewController.h */,
				0A8146501D059E9C00A53364 /* HBCodingViewController.m */,
			);
			path = iOSRSAHandlerDemo;
			sourceTree = "<group>";
		};
		0AC7851B1BD2613D00B2AAF2 /* Supporting Files */ = {
			isa = PBXGroup;
			children = (
				0AC7851C1BD2613D00B2AAF2 /* Info.plist */,
				0AC7851D1BD2613D00B2AAF2 /* main.m */,
			);
			name = "Supporting Files";
			sourceTree = "<group>";
		};
		0AC785341BD2613D00B2AAF2 /* iOSRSAHandlerDemoTests */ = {
			isa = PBXGroup;
			children = (
				0AC785371BD2613D00B2AAF2 /* iOSRSAHandlerDemoTests.m */,
				0AC785351BD2613D00B2AAF2 /* Supporting Files */,
			);
			path = iOSRSAHandlerDemoTests;
			sourceTree = "<group>";
		};
		0AC785351BD2613D00B2AAF2 /* Supporting Files */ = {
			isa = PBXGroup;
			children = (
				0AC785361BD2613D00B2AAF2 /* Info.plist */,
			);
			name = "Supporting Files";
			sourceTree = "<group>";
		};
/* End PBXGroup section */

/* Begin PBXNativeTarget section */
		0AC785171BD2613D00B2AAF2 /* iOSRSAHandlerDemo */ = {
			isa = PBXNativeTarget;
			buildConfigurationList = 0AC7853B1BD2613D00B2AAF2 /* Build configuration list for PBXNativeTarget "iOSRSAHandlerDemo" */;
			buildPhases = (
				0AC785141BD2613D00B2AAF2 /* Sources */,
				0AC785151BD2613D00B2AAF2 /* Frameworks */,
				0AC785161BD2613D00B2AAF2 /* Resources */,
			);
			buildRules = (
			);
			dependencies = (
			);
			name = iOSRSAHandlerDemo;
			productName = iOSRSAHandlerDemo;
			productReference = 0AC785181BD2613D00B2AAF2 /* iOSRSAHandlerDemo.app */;
			productType = "com.apple.product-type.application";
		};
		0AC785301BD2613D00B2AAF2 /* iOSRSAHandlerDemoTests */ = {
			isa = PBXNativeTarget;
			buildConfigurationList = 0AC7853E1BD2613D00B2AAF2 /* Build configuration list for PBXNativeTarget "iOSRSAHandlerDemoTests" */;
			buildPhases = (
				0AC7852D1BD2613D00B2AAF2 /* Sources */,
				0AC7852E1BD2613D00B2AAF2 /* Frameworks */,
				0AC7852F1BD2613D00B2AAF2 /* Resources */,
			);
			buildRules = (
			);
			dependencies = (
				0AC785331BD2613D00B2AAF2 /* PBXTargetDependency */,
			);
			name = iOSRSAHandlerDemoTests;
			productName = iOSRSAHandlerDemoTests;
			productReference = 0AC785311BD2613D00B2AAF2 /* iOSRSAHandlerDemoTests.xctest */;
			productType = "com.apple.product-type.bundle.unit-test";
		};
/* End PBXNativeTarget section */

/* Begin PBXProject section */
		0AC785101BD2613D00B2AAF2 /* Project object */ = {
			isa = PBXProject;
			attributes = {
				LastUpgradeCheck = 0640;
				ORGANIZATIONNAME = HustBroventure;
				TargetAttributes = {
					0AC785171BD2613D00B2AAF2 = {
						CreatedOnToolsVersion = 6.4;
						SystemCapabilities = {
							com.apple.Keychain = {
								enabled = 0;
							};
						};
					};
					0AC785301BD2613D00B2AAF2 = {
						CreatedOnToolsVersion = 6.4;
						TestTargetID = 0AC785171BD2613D00B2AAF2;
					};
				};
			};
			buildConfigurationList = 0AC785131BD2613D00B2AAF2 /* Build configuration list for PBXProject "iOSRSAHandlerDemo" */;
			compatibilityVersion = "Xcode 3.2";
			developmentRegion = English;
			hasScannedForEncodings = 0;
			knownRegions = (
				en,
				Base,
			);
			mainGroup = 0AC7850F1BD2613D00B2AAF2;
			productRefGroup = 0AC785191BD2613D00B2AAF2 /* Products */;
			projectDirPath = "";
			projectRoot = "";
			targets = (
				0AC785171BD2613D00B2AAF2 /* iOSRSAHandlerDemo */,
				0AC785301BD2613D00B2AAF2 /* iOSRSAHandlerDemoTests */,
			);
		};
/* End PBXProject section */

/* Begin PBXResourcesBuildPhase section */
		0AC785161BD2613D00B2AAF2 /* Resources */ = {
			isa = PBXResourcesBuildPhase;
			buildActionMask = 2147483647;
			files = (
				0A592E4F1BD4EBAF00BCBB43 /* LICENSE in Resources */,
				0AC785271BD2613D00B2AAF2 /* Main.storyboard in Resources */,
				0A592DF61BD4EA1400BCBB43 /* rsa_public_key.pem in Resources */,
				0AC7852C1BD2613D00B2AAF2 /* LaunchScreen.xib in Resources */,
				0AC785291BD2613D00B2AAF2 /* Images.xcassets in Resources */,
				0A592DF41BD4EA0A00BCBB43 /* rsa_private_key.pem in Resources */,
			);
			runOnlyForDeploymentPostprocessing = 0;
		};
		0AC7852F1BD2613D00B2AAF2 /* Resources */ = {
			isa = PBXResourcesBuildPhase;
			buildActionMask = 2147483647;
			files = (
			);
			runOnlyForDeploymentPostprocessing = 0;
		};
/* End PBXResourcesBuildPhase section */

/* Begin PBXSourcesBuildPhase section */
		0AC785141BD2613D00B2AAF2 /* Sources */ = {
			isa = PBXSourcesBuildPhase;
			buildActionMask = 2147483647;
			files = (
				0A8146511D059E9C00A53364 /* HBCodingViewController.m in Sources */,
				0A8146541D05A1E100A53364 /* NSData+AES256.m in Sources */,
				0AC785241BD2613D00B2AAF2 /* ViewController.m in Sources */,
				0AC785211BD2613D00B2AAF2 /* AppDelegate.m in Sources */,
				0A81464E1D059ADA00A53364 /* HBCodingObject.m in Sources */,
				0A8146461D05894B00A53364 /* HBKeyChainWrapper.m in Sources */,
				0AC7851E1BD2613D00B2AAF2 /* main.m in Sources */,
				0A8146491D058E2E00A53364 /* HBKeyChainTestViewController.m in Sources */,
				0A592DF91BD4EA3F00BCBB43 /* HBRSAHandler.m in Sources */,
			);
			runOnlyForDeploymentPostprocessing = 0;
		};
		0AC7852D1BD2613D00B2AAF2 /* Sources */ = {
			isa = PBXSourcesBuildPhase;
			buildActionMask = 2147483647;
			files = (
				0AC785381BD2613D00B2AAF2 /* iOSRSAHandlerDemoTests.m in Sources */,
			);
			runOnlyForDeploymentPostprocessing = 0;
		};
/* End PBXSourcesBuildPhase section */

/* Begin PBXTargetDependency section */
		0AC785331BD2613D00B2AAF2 /* PBXTargetDependency */ = {
			isa = PBXTargetDependency;
			target = 0AC785171BD2613D00B2AAF2 /* iOSRSAHandlerDemo */;
			targetProxy = 0AC785321BD2613D00B2AAF2 /* PBXContainerItemProxy */;
		};
/* End PBXTargetDependency section */

/* Begin PBXVariantGroup section */
		0AC785251BD2613D00B2AAF2 /* Main.storyboard */ = {
			isa = PBXVariantGroup;
			children = (
				0AC785261BD2613D00B2AAF2 /* Base */,
			);
			name = Main.storyboard;
			sourceTree = "<group>";
		};
		0AC7852A1BD2613D00B2AAF2 /* LaunchScreen.xib */ = {
			isa = PBXVariantGroup;
			children = (
				0AC7852B1BD2613D00B2AAF2 /* Base */,
			);
			name = LaunchScreen.xib;
			sourceTree = "<group>";
		};
/* End PBXVariantGroup section */

/* Begin XCBuildConfiguration section */
		0AC785391BD2613D00B2AAF2 /* Debug */ = {
			isa = XCBuildConfiguration;
			buildSettings = {
				ALWAYS_SEARCH_USER_PATHS = NO;
				CLANG_CXX_LANGUAGE_STANDARD = "gnu++0x";
				CLANG_CXX_LIBRARY = "libc++";
				CLANG_ENABLE_MODULES = YES;
				CLANG_ENABLE_OBJC_ARC = YES;
				CLANG_WARN_BOOL_CONVERSION = YES;
				CLANG_WARN_CONSTANT_CONVERSION = YES;
				CLANG_WARN_DIRECT_OBJC_ISA_USAGE = YES_ERROR;
				CLANG_WARN_EMPTY_BODY = YES;
				CLANG_WARN_ENUM_CONVERSION = YES;
				CLANG_WARN_INT_CONVERSION = YES;
				CLANG_WARN_OBJC_ROOT_CLASS = YES_ERROR;
				CLANG_WARN_UNREACHABLE_CODE = YES;
				CLANG_WARN__DUPLICATE_METHOD_MATCH = YES;
				"CODE_SIGN_IDENTITY[sdk=iphoneos*]" = "iPhone Developer";
				COPY_PHASE_STRIP = NO;
				DEBUG_INFORMATION_FORMAT = "dwarf-with-dsym";
				ENABLE_STRICT_OBJC_MSGSEND = YES;
				GCC_C_LANGUAGE_STANDARD = gnu99;
				GCC_DYNAMIC_NO_PIC = NO;
				GCC_NO_COMMON_BLOCKS = YES;
				GCC_OPTIMIZATION_LEVEL = 0;
				GCC_PREPROCESSOR_DEFINITIONS = (
					"DEBUG=1",
					"$(inherited)",
				);
				GCC_SYMBOLS_PRIVATE_EXTERN = NO;
				GCC_WARN_64_TO_32_BIT_CONVERSION = YES;
				GCC_WARN_ABOUT_RETURN_TYPE = YES_ERROR;
				GCC_WARN_UNDECLARED_SELECTOR = YES;
				GCC_WARN_UNINITIALIZED_AUTOS = YES_AGGRESSIVE;
				GCC_WARN_UNUSED_FUNCTION = YES;
				GCC_WARN_UNUSED_VARIABLE = YES;
				IPHONEOS_DEPLOYMENT_TARGET = 8.4;
				MTL_ENABLE_DEBUG_INFO = YES;
				ONLY_ACTIVE_ARCH = YES;
				SDKROOT = iphoneos;
			};
			name = Debug;
		};
		0AC7853A1BD2613D00B2AAF2 /* Release */ = {
			isa = XCBuildConfiguration;
			buildSettings = {
				ALWAYS_SEARCH_USER_PATHS = NO;
				CLANG_CXX_LANGUAGE_STANDARD = "gnu++0x";
				CLANG_CXX_LIBRARY = "libc++";
				CLANG_ENABLE_MODULES = YES;
				CLANG_ENABLE_OBJC_ARC = YES;
				CLANG_WARN_BOOL_CONVERSION = YES;
				CLANG_WARN_CONSTANT_CONVERSION = YES;
				CLANG_WARN_DIRECT_OBJC_ISA_USAGE = YES_ERROR;
				CLANG_WARN_EMPTY_BODY = YES;
				CLANG_WARN_ENUM_CONVERSION = YES;
				CLANG_WARN_INT_CONVERSION = YES;
				CLANG_WARN_OBJC_ROOT_CLASS = YES_ERROR;
				CLANG_WARN_UNREACHABLE_CODE = YES;
				CLANG_WARN__DUPLICATE_METHOD_MATCH = YES;
				"CODE_SIGN_IDENTITY[sdk=iphoneos*]" = "iPhone Developer";
				COPY_PHASE_STRIP = NO;
				DEBUG_INFORMATION_FORMAT = "dwarf-with-dsym";
				ENABLE_NS_ASSERTIONS = NO;
				ENABLE_STRICT_OBJC_MSGSEND = YES;
				GCC_C_LANGUAGE_STANDARD = gnu99;
				GCC_NO_COMMON_BLOCKS = YES;
				GCC_WARN_64_TO_32_BIT_CONVERSION = YES;
				GCC_WARN_ABOUT_RETURN_TYPE = YES_ERROR;
				GCC_WARN_UNDECLARED_SELECTOR = YES;
				GCC_WARN_UNINITIALIZED_AUTOS = YES_AGGRESSIVE;
				GCC_WARN_UNUSED_FUNCTION = YES;
				GCC_WARN_UNUSED_VARIABLE = YES;
				IPHONEOS_DEPLOYMENT_TARGET = 8.4;
				MTL_ENABLE_DEBUG_INFO = NO;
				SDKROOT = iphoneos;
				VALIDATE_PRODUCT = YES;
			};
			name = Release;
		};
		0AC7853C1BD2613D00B2AAF2 /* Debug */ = {
			isa = XCBuildConfiguration;
			buildSettings = {
				ASSETCATALOG_COMPILER_APPICON_NAME = AppIcon;
				CODE_SIGN_IDENTITY = "iPhone Developer";
				"CODE_SIGN_IDENTITY[sdk=iphoneos*]" = "iPhone Developer";
				ENABLE_BITCODE = NO;
				HEADER_SEARCH_PATHS = (
					"$(inherited)",
					/Applications/Xcode6.4.app/Contents/Developer/Toolchains/XcodeDefault.xctoolchain/usr/include,
					"$(PROJECT_DIR)/iOSRSAHandlerDemo/HBRSAHandler/openssl/include",
				);
				INFOPLIST_FILE = iOSRSAHandlerDemo/Info.plist;
				LD_RUNPATH_SEARCH_PATHS = "$(inherited) @executable_path/Frameworks";
				LIBRARY_SEARCH_PATHS = (
					"$(inherited)",
					"$(PROJECT_DIR)/iOSRSAHandlerDemo/HBRSAHandler/openssl",
					"$(PROJECT_DIR)/iOSRSAHandlerDemo/HBRSAHandler/openssl/include",
				);
				PRODUCT_NAME = "$(TARGET_NAME)";
				PROVISIONING_PROFILE = "";
				USER_HEADER_SEARCH_PATHS = "";
			};
			name = Debug;
		};
		0AC7853D1BD2613D00B2AAF2 /* Release */ = {
			isa = XCBuildConfiguration;
			buildSettings = {
				ASSETCATALOG_COMPILER_APPICON_NAME = AppIcon;
				CODE_SIGN_IDENTITY = "iPhone Developer";
				"CODE_SIGN_IDENTITY[sdk=iphoneos*]" = "iPhone Developer";
				ENABLE_BITCODE = NO;
				HEADER_SEARCH_PATHS = (
					"$(inherited)",
					/Applications/Xcode6.4.app/Contents/Developer/Toolchains/XcodeDefault.xctoolchain/usr/include,
					"$(PROJECT_DIR)/iOSRSAHandlerDemo/HBRSAHandler/openssl/include",
				);
				INFOPLIST_FILE = iOSRSAHandlerDemo/Info.plist;
				LD_RUNPATH_SEARCH_PATHS = "$(inherited) @executable_path/Frameworks";
				LIBRARY_SEARCH_PATHS = (
					"$(inherited)",
					"$(PROJECT_DIR)/iOSRSAHandlerDemo/HBRSAHandler/openssl",
					"$(PROJECT_DIR)/iOSRSAHandlerDemo/HBRSAHandler/openssl/include",
				);
				PRODUCT_NAME = "$(TARGET_NAME)";
				PROVISIONING_PROFILE = "";
				USER_HEADER_SEARCH_PATHS = "";
			};
			name = Release;
		};
		0AC7853F1BD2613D00B2AAF2 /* Debug */ = {
			isa = XCBuildConfiguration;
			buildSettings = {
				BUNDLE_LOADER = "$(TEST_HOST)";
				FRAMEWORK_SEARCH_PATHS = (
					"$(SDKROOT)/Developer/Library/Frameworks",
					"$(inherited)",
				);
				GCC_PREPROCESSOR_DEFINITIONS = (
					"DEBUG=1",
					"$(inherited)",
				);
				INFOPLIST_FILE = iOSRSAHandlerDemoTests/Info.plist;
				LD_RUNPATH_SEARCH_PATHS = "$(inherited) @executable_path/Frameworks @loader_path/Frameworks";
				PRODUCT_NAME = "$(TARGET_NAME)";
				TEST_HOST = "$(BUILT_PRODUCTS_DIR)/iOSRSAHandlerDemo.app/iOSRSAHandlerDemo";
			};
			name = Debug;
		};
		0AC785401BD2613D00B2AAF2 /* Release */ = {
			isa = XCBuildConfiguration;
			buildSettings = {
				BUNDLE_LOADER = "$(TEST_HOST)";
				FRAMEWORK_SEARCH_PATHS = (
					"$(SDKROOT)/Developer/Library/Frameworks",
					"$(inherited)",
				);
				INFOPLIST_FILE = iOSRSAHandlerDemoTests/Info.plist;
				LD_RUNPATH_SEARCH_PATHS = "$(inherited) @executable_path/Frameworks @loader_path/Frameworks";
				PRODUCT_NAME = "$(TARGET_NAME)";
				TEST_HOST = "$(BUILT_PRODUCTS_DIR)/iOSRSAHandlerDemo.app/iOSRSAHandlerDemo";
			};
			name = Release;
		};
/* End XCBuildConfiguration section */

/* Begin XCConfigurationList section */
		0AC785131BD2613D00B2AAF2 /* Build configuration list for PBXProject "iOSRSAHandlerDemo" */ = {
			isa = XCConfigurationList;
			buildConfigurations = (
				0AC785391BD2613D00B2AAF2 /* Debug */,
				0AC7853A1BD2613D00B2AAF2 /* Release */,
			);
			defaultConfigurationIsVisible = 0;
			defaultConfigurationName = Release;
		};
		0AC7853B1BD2613D00B2AAF2 /* Build configuration list for PBXNativeTarget "iOSRSAHandlerDemo" */ = {
			isa = XCConfigurationList;
			buildConfigurations = (
				0AC7853C1BD2613D00B2AAF2 /* Debug */,
				0AC7853D1BD2613D00B2AAF2 /* Release */,
			);
			defaultConfigurationIsVisible = 0;
			defaultConfigurationName = Release;
		};
		0AC7853E1BD2613D00B2AAF2 /* Build configuration list for PBXNativeTarget "iOSRSAHandlerDemoTests" */ = {
			isa = XCConfigurationList;
			buildConfigurations = (
				0AC7853F1BD2613D00B2AAF2 /* Debug */,
				0AC785401BD2613D00B2AAF2 /* Release */,
			);
			defaultConfigurationIsVisible = 0;
			defaultConfigurationName = Release;
		};
/* End XCConfigurationList section */
	};
	rootObject = 0AC785101BD2613D00B2AAF2 /* Project object */;
}
